
Microsoft Visual Studio Solution File, Format Version 12.00
# Visual Studio Version 17
VisualStudioVersion = 17.2.32630.192
MinimumVisualStudioVersion = 10.0.40219.1
Project("{9A19103F-16F7-4668-BE54-9A1E7A4F7556}") = "R5T.R0015.Construction.Server", "R5T.R0015.Construction.Server\R5T.R0015.Construction.Server.csproj", "{803D3CDB-5FA6-4BC5-A24A-2A36EE3A1ACD}"
EndProject
Project("{9A19103F-16F7-4668-BE54-9A1E7A4F7556}") = "R5T.R0015.Construction.Client", "R5T.R0015.Construction.Client\R5T.R0015.Construction.Client.csproj", "{AC29AECB-4127-40F8-8BD8-B25BA3048C71}"
EndProject
Project("{9A19103F-16F7-4668-BE54-9A1E7A4F7556}") = "R5T.R0015", "R5T.R0015\R5T.R0015.csproj", "{C8E1AF58-7DFF-4275-A53D-EEC1E60CB19C}"
EndProject
Project("{2150E333-8FDC-42A3-9474-1A3956D46DE8}") = "_Dependencies", "_Dependencies", "{ED534266-DA8B-43EA-8D74-F61E41FE9430}"
EndProject
Project("{9A19103F-16F7-4668-BE54-9A1E7A4F7556}") = "R5T.T0143", "..\..\R5T.T0143\source\R5T.T0143\R5T.T0143.csproj", "{985DC5A7-EA09-403C-82E8-025661681FF9}"
EndProject
Project("{9A19103F-16F7-4668-BE54-9A1E7A4F7556}") = "R5T.T0154", "..\..\R5T.T0154\source\R5T.T0154\R5T.T0154.csproj", "{F53CAA28-E4FB-46D1-8547-3005B7331360}"
EndProject
Project("{9A19103F-16F7-4668-BE54-9A1E7A4F7556}") = "R5T.T0131", "..\..\R5T.T0131\source\R5T.T0131\R5T.T0131.csproj", "{CB6608AE-E162-4FC5-904C-ACCAEB6CE8AF}"
EndProject
Project("{9A19103F-16F7-4668-BE54-9A1E7A4F7556}") = "R5T.R0013", "..\..\R5T.R0013\source\R5T.R0013\R5T.R0013.csproj", "{0FD063A6-79B5-4D21-8BA0-7BF298781534}"
EndProject
Project("{9A19103F-16F7-4668-BE54-9A1E7A4F7556}") = "R5T.R0014", "..\..\R5T.R0014\source\R5T.R0014\R5T.R0014.csproj", "{63FFAED2-FC1A-4162-8E7A-D9F9B452B09E}"
EndProject
Project("{9A19103F-16F7-4668-BE54-9A1E7A4F7556}") = "R5T.T0142", "..\..\R5T.T0142\source\R5T.T0142\R5T.T0142.csproj", "{E85F5652-ADF5-4F76-96E3-3E130AD50669}"
EndProject
Project("{9A19103F-16F7-4668-BE54-9A1E7A4F7556}") = "R5T.T0156", "..\..\R5T.T0156\source\R5T.T0156\R5T.T0156.csproj", "{A3ED0839-0EC8-4A64-A998-552B95FC8180}"
EndProject
Project("{9A19103F-16F7-4668-BE54-9A1E7A4F7556}") = "R5T.Y0007", "..\..\R5T.Y0007\source\R5T.Y0007\R5T.Y0007.csproj", "{C4D54EC5-A3C2-4E87-A569-751425A19FE4}"
EndProject
Global
	GlobalSection(NestedProjects) = preSolution
		{985DC5A7-EA09-403C-82E8-025661681FF9} = {ED534266-DA8B-43EA-8D74-F61E41FE9430}
		{F53CAA28-E4FB-46D1-8547-3005B7331360} = {ED534266-DA8B-43EA-8D74-F61E41FE9430}
		{CB6608AE-E162-4FC5-904C-ACCAEB6CE8AF} = {ED534266-DA8B-43EA-8D74-F61E41FE9430}
		{0FD063A6-79B5-4D21-8BA0-7BF298781534} = {ED534266-DA8B-43EA-8D74-F61E41FE9430}
		{63FFAED2-FC1A-4162-8E7A-D9F9B452B09E} = {ED534266-DA8B-43EA-8D74-F61E41FE9430}
		{E85F5652-ADF5-4F76-96E3-3E130AD50669} = {ED534266-DA8B-43EA-8D74-F61E41FE9430}
		{A3ED0839-0EC8-4A64-A998-552B95FC8180} = {ED534266-DA8B-43EA-8D74-F61E41FE9430}
		{C4D54EC5-A3C2-4E87-A569-751425A19FE4} = {ED534266-DA8B-43EA-8D74-F61E41FE9430}
	EndGlobalSection
	GlobalSection(SolutionConfigurationPlatforms) = preSolution
		Debug|Any CPU = Debug|Any CPU
		Release|Any CPU = Release|Any CPU
	EndGlobalSection
	GlobalSection(ProjectConfigurationPlatforms) = postSolution
		{803D3CDB-5FA6-4BC5-A24A-2A36EE3A1ACD}.Debug|Any CPU.ActiveCfg = Debug|Any CPU
		{803D3CDB-5FA6-4BC5-A24A-2A36EE3A1ACD}.Debug|Any CPU.Build.0 = Debug|Any CPU
		{803D3CDB-5FA6-4BC5-A24A-2A36EE3A1ACD}.Release|Any CPU.ActiveCfg = Release|Any CPU
		{803D3CDB-5FA6-4BC5-A24A-2A36EE3A1ACD}.Release|Any CPU.Build.0 = Release|Any CPU
		{AC29AECB-4127-40F8-8BD8-B25BA3048C71}.Debug|Any CPU.ActiveCfg = Debug|Any CPU
		{AC29AECB-4127-40F8-8BD8-B25BA3048C71}.Debug|Any CPU.Build.0 = Debug|Any CPU
		{AC29AECB-4127-40F8-8BD8-B25BA3048C71}.Release|Any CPU.ActiveCfg = Release|Any CPU
		{AC29AECB-4127-40F8-8BD8-B25BA3048C71}.Release|Any CPU.Build.0 = Release|Any CPU
		{C8E1AF58-7DFF-4275-A53D-EEC1E60CB19C}.Debug|Any CPU.ActiveCfg = Debug|Any CPU
		{C8E1AF58-7DFF-4275-A53D-EEC1E60CB19C}.Debug|Any CPU.Build.0 = Debug|Any CPU
		{C8E1AF58-7DFF-4275-A53D-EEC1E60CB19C}.Release|Any CPU.ActiveCfg = Release|Any CPU
		{C8E1AF58-7DFF-4275-A53D-EEC1E60CB19C}.Release|Any CPU.Build.0 = Release|Any CPU
		{985DC5A7-EA09-403C-82E8-025661681FF9}.Debug|Any CPU.ActiveCfg = Debug|Any CPU
		{985DC5A7-EA09-403C-82E8-025661681FF9}.Debug|Any CPU.Build.0 = Debug|Any CPU
		{985DC5A7-EA09-403C-82E8-025661681FF9}.Release|Any CPU.ActiveCfg = Release|Any CPU
		{985DC5A7-EA09-403C-82E8-025661681FF9}.Release|Any CPU.Build.0 = Release|Any CPU
		{F53CAA28-E4FB-46D1-8547-3005B7331360}.Debug|Any CPU.ActiveCfg = Debug|Any CPU
		{F53CAA28-E4FB-46D1-8547-3005B7331360}.Debug|Any CPU.Build.0 = Debug|Any CPU
		{F53CAA28-E4FB-46D1-8547-3005B7331360}.Release|Any CPU.ActiveCfg = Release|Any CPU
		{F53CAA28-E4FB-46D1-8547-3005B7331360}.Release|Any CPU.Build.0 = Release|Any CPU
		{CB6608AE-E162-4FC5-904C-ACCAEB6CE8AF}.Debug|Any CPU.ActiveCfg = Debug|Any CPU
		{CB6608AE-E162-4FC5-904C-ACCAEB6CE8AF}.Debug|Any CPU.Build.0 = Debug|Any CPU
		{CB6608AE-E162-4FC5-904C-ACCAEB6CE8AF}.Release|Any CPU.ActiveCfg = Release|Any CPU
		{CB6608AE-E162-4FC5-904C-ACCAEB6CE8AF}.Release|Any CPU.Build.0 = Release|Any CPU
		{0FD063A6-79B5-4D21-8BA0-7BF298781534}.Debug|Any CPU.ActiveCfg = Debug|Any CPU
		{0FD063A6-79B5-4D21-8BA0-7BF298781534}.Debug|Any CPU.Build.0 = Debug|Any CPU
		{0FD063A6-79B5-4D21-8BA0-7BF298781534}.Release|Any CPU.ActiveCfg = Release|Any CPU
		{0FD063A6-79B5-4D21-8BA0-7BF298781534}.Release|Any CPU.Build.0 = Release|Any CPU
		{63FFAED2-FC1A-4162-8E7A-D9F9B452B09E}.Debug|Any CPU.ActiveCfg = Debug|Any CPU
		{63FFAED2-FC1A-4162-8E7A-D9F9B452B09E}.Debug|Any CPU.Build.0 = Debug|Any CPU
		{63FFAED2-FC1A-4162-8E7A-D9F9B452B09E}.Release|Any CPU.ActiveCfg = Release|Any CPU
		{63FFAED2-FC1A-4162-8E7A-D9F9B452B09E}.Release|Any CPU.Build.0 = Release|Any CPU
		{E85F5652-ADF5-4F76-96E3-3E130AD50669}.Debug|Any CPU.ActiveCfg = Debug|Any CPU
		{E85F5652-ADF5-4F76-96E3-3E130AD50669}.Debug|Any CPU.Build.0 = Debug|Any CPU
		{E85F5652-ADF5-4F76-96E3-3E130AD50669}.Release|Any CPU.ActiveCfg = Release|Any CPU
		{E85F5652-ADF5-4F76-96E3-3E130AD50669}.Release|Any CPU.Build.0 = Release|Any CPU
		{A3ED0839-0EC8-4A64-A998-552B95FC8180}.Debug|Any CPU.ActiveCfg = Debug|Any CPU
		{A3ED0839-0EC8-4A64-A998-552B95FC8180}.Debug|Any CPU.Build.0 = Debug|Any CPU
		{A3ED0839-0EC8-4A64-A998-552B95FC8180}.Release|Any CPU.ActiveCfg = Release|Any CPU
		{A3ED0839-0EC8-4A64-A998-552B95FC8180}.Release|Any CPU.Build.0 = Release|Any CPU
		{C4D54EC5-A3C2-4E87-A569-751425A19FE4}.Debug|Any CPU.ActiveCfg = Debug|Any CPU
		{C4D54EC5-A3C2-4E87-A569-751425A19FE4}.Debug|Any CPU.Build.0 = Debug|Any CPU
		{C4D54EC5-A3C2-4E87-A569-751425A19FE4}.Release|Any CPU.ActiveCfg = Release|Any CPU
		{C4D54EC5-A3C2-4E87-A569-751425A19FE4}.Release|Any CPU.Build.0 = Release|Any CPU
	EndGlobalSection
	GlobalSection(SolutionProperties) = preSolution
		HideSolutionNode = FALSE
	EndGlobalSection
	GlobalSection(ExtensibilityGlobals) = postSolution
		SolutionGuid = {AA20D8E5-DE02-4574-8946-D838B550655A}
	EndGlobalSection
EndGlobal
