
Microsoft Visual Studio Solution File, Format Version 12.00
# Visual Studio Version 17
VisualStudioVersion = 17.2.32630.192
MinimumVisualStudioVersion = 10.0.40219.1
Project("{9A19103F-16F7-4668-BE54-9A1E7A4F7556}") = "R5T.R0015.Construction.Server", "R5T.R0015.Construction.Server\R5T.R0015.Construction.Server.csproj", "{803D3CDB-5FA6-4BC5-A24A-2A36EE3A1ACD}"
EndProject
Project("{9A19103F-16F7-4668-BE54-9A1E7A4F7556}") = "R5T.R0015.Construction.Client", "R5T.R0015.Construction.Client\R5T.R0015.Construction.Client.csproj", "{AC29AECB-4127-40F8-8BD8-B25BA3048C71}"
EndProject
Project("{9A19103F-16F7-4668-BE54-9A1E7A4F7556}") = "R5T.R0015", "R5T.R0015\R5T.R0015.csproj", "{C8E1AF58-7DFF-4275-A53D-EEC1E60CB19C}"
EndProject
Global
	GlobalSection(SolutionConfigurationPlatforms) = preSolution
		Debug|Any CPU = Debug|Any CPU
		Release|Any CPU = Release|Any CPU
	EndGlobalSection
	GlobalSection(ProjectConfigurationPlatforms) = postSolution
		{803D3CDB-5FA6-4BC5-A24A-2A36EE3A1ACD}.Debug|Any CPU.ActiveCfg = Debug|Any CPU
		{803D3CDB-5FA6-4BC5-A24A-2A36EE3A1ACD}.Debug|Any CPU.Build.0 = Debug|Any CPU
		{803D3CDB-5FA6-4BC5-A24A-2A36EE3A1ACD}.Release|Any CPU.ActiveCfg = Release|Any CPU
		{803D3CDB-5FA6-4BC5-A24A-2A36EE3A1ACD}.Release|Any CPU.Build.0 = Release|Any CPU
		{AC29AECB-4127-40F8-8BD8-B25BA3048C71}.Debug|Any CPU.ActiveCfg = Debug|Any CPU
		{AC29AECB-4127-40F8-8BD8-B25BA3048C71}.Debug|Any CPU.Build.0 = Debug|Any CPU
		{AC29AECB-4127-40F8-8BD8-B25BA3048C71}.Release|Any CPU.ActiveCfg = Release|Any CPU
		{AC29AECB-4127-40F8-8BD8-B25BA3048C71}.Release|Any CPU.Build.0 = Release|Any CPU
		{C8E1AF58-7DFF-4275-A53D-EEC1E60CB19C}.Debug|Any CPU.ActiveCfg = Debug|Any CPU
		{C8E1AF58-7DFF-4275-A53D-EEC1E60CB19C}.Debug|Any CPU.Build.0 = Debug|Any CPU
		{C8E1AF58-7DFF-4275-A53D-EEC1E60CB19C}.Release|Any CPU.ActiveCfg = Release|Any CPU
		{C8E1AF58-7DFF-4275-A53D-EEC1E60CB19C}.Release|Any CPU.Build.0 = Release|Any CPU
	EndGlobalSection
	GlobalSection(SolutionProperties) = preSolution
		HideSolutionNode = FALSE
	EndGlobalSection
	GlobalSection(ExtensibilityGlobals) = postSolution
		SolutionGuid = {AA20D8E5-DE02-4574-8946-D838B550655A}
	EndGlobalSection
EndGlobal
